
Microsoft Visual Studio Solution File, Format Version 12.00
# Visual Studio Version 17
VisualStudioVersion = 17.8.34309.116
MinimumVisualStudioVersion = 10.0.40219.1
Project("{FAE04EC0-301F-11D3-BF4B-00C04F79EFBC}") = "Conflict-resolution", "Conflict-resolution\Conflict-resolution.csproj", "{478A58F8-7F36-46B3-884F-E991738F444D}"
EndProject
Global
	GlobalSection(SolutionConfigurationPlatforms) = preSolution
		Debug|Any CPU = Debug|Any CPU
		Release|Any CPU = Release|Any CPU
	EndGlobalSection
	GlobalSection(ProjectConfigurationPlatforms) = postSolution
		{478A58F8-7F36-46B3-884F-E991738F444D}.Debug|Any CPU.ActiveCfg = Debug|Any CPU
		{478A58F8-7F36-46B3-884F-E991738F444D}.Debug|Any CPU.Build.0 = Debug|Any CPU
		{478A58F8-7F36-46B3-884F-E991738F444D}.Release|Any CPU.ActiveCfg = Release|Any CPU
		{478A58F8-7F36-46B3-884F-E991738F444D}.Release|Any CPU.Build.0 = Release|Any CPU
	EndGlobalSection
	GlobalSection(SolutionProperties) = preSolution
		HideSolutionNode = FALSE
	EndGlobalSection
	GlobalSection(ExtensibilityGlobals) = postSolution
		SolutionGuid = {1C6909CC-FBBA-4889-9ACD-1BB24F1BB25E}
	EndGlobalSection
EndGlobal
